{
  "requires": true,
  "lockfileVersion": 1,
  "dependencies": {
    "cordova-plugin-battery-status": {
      "version": "1.2.4",
      "resolved": "https://registry.npmjs.org/cordova-plugin-battery-status/-/cordova-plugin-battery-status-1.2.4.tgz",
      "integrity": "sha1-c6V2r8CmGp3Smv93ZZB+ysDJ8fk="
    },
    "cordova-plugin-insomnia": {
      "version": "4.3.0",
      "resolved": "https://registry.npmjs.org/cordova-plugin-insomnia/-/cordova-plugin-insomnia-4.3.0.tgz",
      "integrity": "sha1-gyoz9tdj8LgCc733YbNbZ4xDuVc="
    },
    "cordova-plugin-media": {
      "version": "5.0.3",
      "resolved": "https://registry.npmjs.org/cordova-plugin-media/-/cordova-plugin-media-5.0.3.tgz",
      "integrity": "sha512-UQPFlpk1zL4BY44zGi8RVmYCvcKBCN4Dyf8ovxqGYCC8zR1yhbTRWYDdO9vJdERwbfgWV7+z7FMWiSUfqWm9bQ=="
    },
    "phonegap-plugin-battery-status": {
      "version": "1.0.0",
      "resolved": "https://registry.npmjs.org/phonegap-plugin-battery-status/-/phonegap-plugin-battery-status-1.0.0.tgz",
      "integrity": "sha1-TUxJvpCyDEaxysfk9hkWGSzoalI="
    },
    "progressbar.js": {
      "version": "1.1.0",
      "resolved": "https://registry.npmjs.org/progressbar.js/-/progressbar.js-1.1.0.tgz",
      "integrity": "sha512-K68/xcyXKo2I6T3PfIkXrRaycxROmWeU4bugb49iulWR25cU94PM0cfZ47S0jDhG5K3vPhZwCOy1fgb5Pgh6UQ==",
      "requires": {
        "shifty": "^2.1.2"
      }
    },
    "shifty": {
      "version": "2.9.1",
      "resolved": "https://registry.npmjs.org/shifty/-/shifty-2.9.1.tgz",
      "integrity": "sha512-vo9ruo+r214O3QDyoCDzBjQ65lXm0L1fL8HMZG/SA80RdP68eSxj/4yaTj6XdLsMRjdB/H9igApx9w8Wr3jTjQ=="
    }
  }
}
